
Microsoft Visual Studio Solution File, Format Version 12.00
# Visual Studio Version 17
VisualStudioVersion = 17.2.32630.192
MinimumVisualStudioVersion = 10.0.40219.1
Project("{FAE04EC0-301F-11D3-BF4B-00C04F79EFBC}") = "Socket-Server", "Socket-Server\Socket-Server.csproj", "{1597E680-3FCC-45AB-A8FE-2BC1B3530AFC}"
EndProject
Global
	GlobalSection(SolutionConfigurationPlatforms) = preSolution
		Debug|Any CPU = Debug|Any CPU
		Release|Any CPU = Release|Any CPU
	EndGlobalSection
	GlobalSection(ProjectConfigurationPlatforms) = postSolution
		{1597E680-3FCC-45AB-A8FE-2BC1B3530AFC}.Debug|Any CPU.ActiveCfg = Debug|Any CPU
		{1597E680-3FCC-45AB-A8FE-2BC1B3530AFC}.Debug|Any CPU.Build.0 = Debug|Any CPU
		{1597E680-3FCC-45AB-A8FE-2BC1B3530AFC}.Release|Any CPU.ActiveCfg = Release|Any CPU
		{1597E680-3FCC-45AB-A8FE-2BC1B3530AFC}.Release|Any CPU.Build.0 = Release|Any CPU
	EndGlobalSection
	GlobalSection(SolutionProperties) = preSolution
		HideSolutionNode = FALSE
	EndGlobalSection
	GlobalSection(ExtensibilityGlobals) = postSolution
		SolutionGuid = {F98260D6-1E67-47E5-ABFF-A0B7ACFC35F7}
	EndGlobalSection
EndGlobal
